// !$*UTF8*$!
{
	archiveVersion = 1;
	classes = {
	};
	objectVersion = 52;
	objects = {

/* Begin PBXBuildFile section */
		D6F9897326AB6D21000BF254 /* IPFinderApp.swift in Sources */ = {isa = PBXBuildFile; fileRef = D6F9897226AB6D21000BF254 /* IPFinderApp.swift */; };
		D6F9897526AB6D21000BF254 /* ContentView.swift in Sources */ = {isa = PBXBuildFile; fileRef = D6F9897426AB6D21000BF254 /* ContentView.swift */; };
		D6F9897726AB6D22000BF254 /* Assets.xcassets in Resources */ = {isa = PBXBuildFile; fileRef = D6F9897626AB6D22000BF254 /* Assets.xcassets */; };
		D6F9897A26AB6D22000BF254 /* Preview Assets.xcassets in Resources */ = {isa = PBXBuildFile; fileRef = D6F9897926AB6D22000BF254 /* Preview Assets.xcassets */; };
		D6F9898526AB6D22000BF254 /* IPFinderTests.swift in Sources */ = {isa = PBXBuildFile; fileRef = D6F9898426AB6D22000BF254 /* IPFinderTests.swift */; };
		D6F9899026AB6D22000BF254 /* IPFinderUITests.swift in Sources */ = {isa = PBXBuildFile; fileRef = D6F9898F26AB6D22000BF254 /* IPFinderUITests.swift */; };
		D6F989A226AB6E39000BF254 /* Alamofire in Frameworks */ = {isa = PBXBuildFile; productRef = D6F989A126AB6E39000BF254 /* Alamofire */; };
		D6F989A826AB6E5F000BF254 /* SwiftyJSON in Frameworks */ = {isa = PBXBuildFile; productRef = D6F989A726AB6E5F000BF254 /* SwiftyJSON */; };
		D6F989AF26AB6EC4000BF254 /* IPModel.swift in Sources */ = {isa = PBXBuildFile; fileRef = D6F989AE26AB6EC4000BF254 /* IPModel.swift */; };
		D6F989B926AB71B5000BF254 /* IPFinderNetwork.swift in Sources */ = {isa = PBXBuildFile; fileRef = D6F989B826AB71B5000BF254 /* IPFinderNetwork.swift */; };
		D6F989BE26AB770C000BF254 /* IPFinderViewModel.swift in Sources */ = {isa = PBXBuildFile; fileRef = D6F989BD26AB770C000BF254 /* IPFinderViewModel.swift */; };
		D6F989C326AB8BE3000BF254 /* LaunchScreen.storyboard in Resources */ = {isa = PBXBuildFile; fileRef = D6F989C226AB8BE3000BF254 /* LaunchScreen.storyboard */; };
/* End PBXBuildFile section */

/* Begin PBXContainerItemProxy section */
		D6F9898126AB6D22000BF254 /* PBXContainerItemProxy */ = {
			isa = PBXContainerItemProxy;
			containerPortal = D6F9896726AB6D21000BF254 /* Project object */;
			proxyType = 1;
			remoteGlobalIDString = D6F9896E26AB6D21000BF254;
			remoteInfo = IPFinder;
		};
		D6F9898C26AB6D22000BF254 /* PBXContainerItemProxy */ = {
			isa = PBXContainerItemProxy;
			containerPortal = D6F9896726AB6D21000BF254 /* Project object */;
			proxyType = 1;
			remoteGlobalIDString = D6F9896E26AB6D21000BF254;
			remoteInfo = IPFinder;
		};
/* End PBXContainerItemProxy section */

/* Begin PBXFileReference section */
		D6F9896F26AB6D21000BF254 /* IPFinder.app */ = {isa = PBXFileReference; explicitFileType = wrapper.application; includeInIndex = 0; path = IPFinder.app; sourceTree = BUILT_PRODUCTS_DIR; };
		D6F9897226AB6D21000BF254 /* IPFinderApp.swift */ = {isa = PBXFileReference; lastKnownFileType = sourcecode.swift; path = IPFinderApp.swift; sourceTree = "<group>"; };
		D6F9897426AB6D21000BF254 /* ContentView.swift */ = {isa = PBXFileReference; lastKnownFileType = sourcecode.swift; path = ContentView.swift; sourceTree = "<group>"; };
		D6F9897626AB6D22000BF254 /* Assets.xcassets */ = {isa = PBXFileReference; lastKnownFileType = folder.assetcatalog; path = Assets.xcassets; sourceTree = "<group>"; };
		D6F9897926AB6D22000BF254 /* Preview Assets.xcassets */ = {isa = PBXFileReference; lastKnownFileType = folder.assetcatalog; path = "Preview Assets.xcassets"; sourceTree = "<group>"; };
		D6F9897B26AB6D22000BF254 /* Info.plist */ = {isa = PBXFileReference; lastKnownFileType = text.plist.xml; path = Info.plist; sourceTree = "<group>"; };
		D6F9898026AB6D22000BF254 /* IPFinderTests.xctest */ = {isa = PBXFileReference; explicitFileType = wrapper.cfbundle; includeInIndex = 0; path = IPFinderTests.xctest; sourceTree = BUILT_PRODUCTS_DIR; };
		D6F9898426AB6D22000BF254 /* IPFinderTests.swift */ = {isa = PBXFileReference; lastKnownFileType = sourcecode.swift; path = IPFinderTests.swift; sourceTree = "<group>"; };
		D6F9898626AB6D22000BF254 /* Info.plist */ = {isa = PBXFileReference; lastKnownFileType = text.plist.xml; path = Info.plist; sourceTree = "<group>"; };
		D6F9898B26AB6D22000BF254 /* IPFinderUITests.xctest */ = {isa = PBXFileReference; explicitFileType = wrapper.cfbundle; includeInIndex = 0; path = IPFinderUITests.xctest; sourceTree = BUILT_PRODUCTS_DIR; };
		D6F9898F26AB6D22000BF254 /* IPFinderUITests.swift */ = {isa = PBXFileReference; lastKnownFileType = sourcecode.swift; path = IPFinderUITests.swift; sourceTree = "<group>"; };
		D6F9899126AB6D22000BF254 /* Info.plist */ = {isa = PBXFileReference; lastKnownFileType = text.plist.xml; path = Info.plist; sourceTree = "<group>"; };
		D6F989AE26AB6EC4000BF254 /* IPModel.swift */ = {isa = PBXFileReference; lastKnownFileType = sourcecode.swift; path = IPModel.swift; sourceTree = "<group>"; };
		D6F989B826AB71B5000BF254 /* IPFinderNetwork.swift */ = {isa = PBXFileReference; lastKnownFileType = sourcecode.swift; path = IPFinderNetwork.swift; sourceTree = "<group>"; };
		D6F989BD26AB770C000BF254 /* IPFinderViewModel.swift */ = {isa = PBXFileReference; lastKnownFileType = sourcecode.swift; path = IPFinderViewModel.swift; sourceTree = "<group>"; };
		D6F989C226AB8BE3000BF254 /* LaunchScreen.storyboard */ = {isa = PBXFileReference; lastKnownFileType = file.storyboard; path = LaunchScreen.storyboard; sourceTree = "<group>"; };
/* End PBXFileReference section */

/* Begin PBXFrameworksBuildPhase section */
		D6F9896C26AB6D21000BF254 /* Frameworks */ = {
			isa = PBXFrameworksBuildPhase;
			buildActionMask = 2147483647;
			files = (
				D6F989A826AB6E5F000BF254 /* SwiftyJSON in Frameworks */,
				D6F989A226AB6E39000BF254 /* Alamofire in Frameworks */,
			);
			runOnlyForDeploymentPostprocessing = 0;
		};
		D6F9897D26AB6D22000BF254 /* Frameworks */ = {
			isa = PBXFrameworksBuildPhase;
			buildActionMask = 2147483647;
			files = (
			);
			runOnlyForDeploymentPostprocessing = 0;
		};
		D6F9898826AB6D22000BF254 /* Frameworks */ = {
			isa = PBXFrameworksBuildPhase;
			buildActionMask = 2147483647;
			files = (
			);
			runOnlyForDeploymentPostprocessing = 0;
		};
/* End PBXFrameworksBuildPhase section */

/* Begin PBXGroup section */
		D6F9896626AB6D21000BF254 = {
			isa = PBXGroup;
			children = (
				D6F9897126AB6D21000BF254 /* IPFinder */,
				D6F9898326AB6D22000BF254 /* IPFinderTests */,
				D6F9898E26AB6D22000BF254 /* IPFinderUITests */,
				D6F9897026AB6D21000BF254 /* Products */,
			);
			sourceTree = "<group>";
		};
		D6F9897026AB6D21000BF254 /* Products */ = {
			isa = PBXGroup;
			children = (
				D6F9896F26AB6D21000BF254 /* IPFinder.app */,
				D6F9898026AB6D22000BF254 /* IPFinderTests.xctest */,
				D6F9898B26AB6D22000BF254 /* IPFinderUITests.xctest */,
			);
			name = Products;
			sourceTree = "<group>";
		};
		D6F9897126AB6D21000BF254 /* IPFinder */ = {
			isa = PBXGroup;
			children = (
				D6F989B726AB7175000BF254 /* Interface */,
				D6F989B626AB7155000BF254 /* ViewModel */,
				D6F989AD26AB6EA9000BF254 /* Model */,
				D6F989AC26AB6E88000BF254 /* View */,
				D6F9897226AB6D21000BF254 /* IPFinderApp.swift */,
				D6F9897B26AB6D22000BF254 /* Info.plist */,
				D6F9897826AB6D22000BF254 /* Preview Content */,
			);
			path = IPFinder;
			sourceTree = "<group>";
		};
		D6F9897826AB6D22000BF254 /* Preview Content */ = {
			isa = PBXGroup;
			children = (
				D6F9897926AB6D22000BF254 /* Preview Assets.xcassets */,
			);
			path = "Preview Content";
			sourceTree = "<group>";
		};
		D6F9898326AB6D22000BF254 /* IPFinderTests */ = {
			isa = PBXGroup;
			children = (
				D6F9898426AB6D22000BF254 /* IPFinderTests.swift */,
				D6F9898626AB6D22000BF254 /* Info.plist */,
			);
			path = IPFinderTests;
			sourceTree = "<group>";
		};
		D6F9898E26AB6D22000BF254 /* IPFinderUITests */ = {
			isa = PBXGroup;
			children = (
				D6F9898F26AB6D22000BF254 /* IPFinderUITests.swift */,
				D6F9899126AB6D22000BF254 /* Info.plist */,
			);
			path = IPFinderUITests;
			sourceTree = "<group>";
		};
		D6F989AC26AB6E88000BF254 /* View */ = {
			isa = PBXGroup;
			children = (
				D6F9897426AB6D21000BF254 /* ContentView.swift */,
			);
			path = View;
			sourceTree = "<group>";
		};
		D6F989AD26AB6EA9000BF254 /* Model */ = {
			isa = PBXGroup;
			children = (
				D6F989AE26AB6EC4000BF254 /* IPModel.swift */,
			);
			path = Model;
			sourceTree = "<group>";
		};
		D6F989B626AB7155000BF254 /* ViewModel */ = {
			isa = PBXGroup;
			children = (
				D6F989B826AB71B5000BF254 /* IPFinderNetwork.swift */,
				D6F989BD26AB770C000BF254 /* IPFinderViewModel.swift */,
			);
			path = ViewModel;
			sourceTree = "<group>";
		};
		D6F989B726AB7175000BF254 /* Interface */ = {
			isa = PBXGroup;
			children = (
				D6F9897626AB6D22000BF254 /* Assets.xcassets */,
				D6F989C226AB8BE3000BF254 /* LaunchScreen.storyboard */,
			);
			path = Interface;
			sourceTree = "<group>";
		};
/* End PBXGroup section */

/* Begin PBXNativeTarget section */
		D6F9896E26AB6D21000BF254 /* IPFinder */ = {
			isa = PBXNativeTarget;
			buildConfigurationList = D6F9899426AB6D22000BF254 /* Build configuration list for PBXNativeTarget "IPFinder" */;
			buildPhases = (
				D6F9896B26AB6D21000BF254 /* Sources */,
				D6F9896C26AB6D21000BF254 /* Frameworks */,
				D6F9896D26AB6D21000BF254 /* Resources */,
			);
			buildRules = (
			);
			dependencies = (
			);
			name = IPFinder;
			packageProductDependencies = (
				D6F989A126AB6E39000BF254 /* Alamofire */,
				D6F989A726AB6E5F000BF254 /* SwiftyJSON */,
			);
			productName = IPFinder;
			productReference = D6F9896F26AB6D21000BF254 /* IPFinder.app */;
			productType = "com.apple.product-type.application";
		};
		D6F9897F26AB6D22000BF254 /* IPFinderTests */ = {
			isa = PBXNativeTarget;
			buildConfigurationList = D6F9899726AB6D22000BF254 /* Build configuration list for PBXNativeTarget "IPFinderTests" */;
			buildPhases = (
				D6F9897C26AB6D22000BF254 /* Sources */,
				D6F9897D26AB6D22000BF254 /* Frameworks */,
				D6F9897E26AB6D22000BF254 /* Resources */,
			);
			buildRules = (
			);
			dependencies = (
				D6F9898226AB6D22000BF254 /* PBXTargetDependency */,
			);
			name = IPFinderTests;
			productName = IPFinderTests;
			productReference = D6F9898026AB6D22000BF254 /* IPFinderTests.xctest */;
			productType = "com.apple.product-type.bundle.unit-test";
		};
		D6F9898A26AB6D22000BF254 /* IPFinderUITests */ = {
			isa = PBXNativeTarget;
			buildConfigurationList = D6F9899A26AB6D22000BF254 /* Build configuration list for PBXNativeTarget "IPFinderUITests" */;
			buildPhases = (
				D6F9898726AB6D22000BF254 /* Sources */,
				D6F9898826AB6D22000BF254 /* Frameworks */,
				D6F9898926AB6D22000BF254 /* Resources */,
			);
			buildRules = (
			);
			dependencies = (
				D6F9898D26AB6D22000BF254 /* PBXTargetDependency */,
			);
			name = IPFinderUITests;
			productName = IPFinderUITests;
			productReference = D6F9898B26AB6D22000BF254 /* IPFinderUITests.xctest */;
			productType = "com.apple.product-type.bundle.ui-testing";
		};
/* End PBXNativeTarget section */

/* Begin PBXProject section */
		D6F9896726AB6D21000BF254 /* Project object */ = {
			isa = PBXProject;
			attributes = {
				LastSwiftUpdateCheck = 1240;
				LastUpgradeCheck = 1240;
				TargetAttributes = {
					D6F9896E26AB6D21000BF254 = {
						CreatedOnToolsVersion = 12.4;
					};
					D6F9897F26AB6D22000BF254 = {
						CreatedOnToolsVersion = 12.4;
						TestTargetID = D6F9896E26AB6D21000BF254;
					};
					D6F9898A26AB6D22000BF254 = {
						CreatedOnToolsVersion = 12.4;
						TestTargetID = D6F9896E26AB6D21000BF254;
					};
				};
			};
			buildConfigurationList = D6F9896A26AB6D21000BF254 /* Build configuration list for PBXProject "IPFinder" */;
			compatibilityVersion = "Xcode 9.3";
			developmentRegion = en;
			hasScannedForEncodings = 0;
			knownRegions = (
				en,
				Base,
			);
			mainGroup = D6F9896626AB6D21000BF254;
			packageReferences = (
				D6F989A026AB6E39000BF254 /* XCRemoteSwiftPackageReference "Alamofire" */,
				D6F989A626AB6E5F000BF254 /* XCRemoteSwiftPackageReference "SwiftyJSON" */,
			);
			productRefGroup = D6F9897026AB6D21000BF254 /* Products */;
			projectDirPath = "";
			projectRoot = "";
			targets = (
				D6F9896E26AB6D21000BF254 /* IPFinder */,
				D6F9897F26AB6D22000BF254 /* IPFinderTests */,
				D6F9898A26AB6D22000BF254 /* IPFinderUITests */,
			);
		};
/* End PBXProject section */

/* Begin PBXResourcesBuildPhase section */
		D6F9896D26AB6D21000BF254 /* Resources */ = {
			isa = PBXResourcesBuildPhase;
			buildActionMask = 2147483647;
			files = (
				D6F989C326AB8BE3000BF254 /* LaunchScreen.storyboard in Resources */,
				D6F9897A26AB6D22000BF254 /* Preview Assets.xcassets in Resources */,
				D6F9897726AB6D22000BF254 /* Assets.xcassets in Resources */,
			);
			runOnlyForDeploymentPostprocessing = 0;
		};
		D6F9897E26AB6D22000BF254 /* Resources */ = {
			isa = PBXResourcesBuildPhase;
			buildActionMask = 2147483647;
			files = (
			);
			runOnlyForDeploymentPostprocessing = 0;
		};
		D6F9898926AB6D22000BF254 /* Resources */ = {
			isa = PBXResourcesBuildPhase;
			buildActionMask = 2147483647;
			files = (
			);
			runOnlyForDeploymentPostprocessing = 0;
		};
/* End PBXResourcesBuildPhase section */

/* Begin PBXSourcesBuildPhase section */
		D6F9896B26AB6D21000BF254 /* Sources */ = {
			isa = PBXSourcesBuildPhase;
			buildActionMask = 2147483647;
			files = (
				D6F9897526AB6D21000BF254 /* ContentView.swift in Sources */,
				D6F989AF26AB6EC4000BF254 /* IPModel.swift in Sources */,
				D6F9897326AB6D21000BF254 /* IPFinderApp.swift in Sources */,
				D6F989B926AB71B5000BF254 /* IPFinderNetwork.swift in Sources */,
				D6F989BE26AB770C000BF254 /* IPFinderViewModel.swift in Sources */,
			);
			runOnlyForDeploymentPostprocessing = 0;
		};
		D6F9897C26AB6D22000BF254 /* Sources */ = {
			isa = PBXSourcesBuildPhase;
			buildActionMask = 2147483647;
			files = (
				D6F9898526AB6D22000BF254 /* IPFinderTests.swift in Sources */,
			);
			runOnlyForDeploymentPostprocessing = 0;
		};
		D6F9898726AB6D22000BF254 /* Sources */ = {
			isa = PBXSourcesBuildPhase;
			buildActionMask = 2147483647;
			files = (
				D6F9899026AB6D22000BF254 /* IPFinderUITests.swift in Sources */,
			);
			runOnlyForDeploymentPostprocessing = 0;
		};
/* End PBXSourcesBuildPhase section */

/* Begin PBXTargetDependency section */
		D6F9898226AB6D22000BF254 /* PBXTargetDependency */ = {
			isa = PBXTargetDependency;
			target = D6F9896E26AB6D21000BF254 /* IPFinder */;
			targetProxy = D6F9898126AB6D22000BF254 /* PBXContainerItemProxy */;
		};
		D6F9898D26AB6D22000BF254 /* PBXTargetDependency */ = {
			isa = PBXTargetDependency;
			target = D6F9896E26AB6D21000BF254 /* IPFinder */;
			targetProxy = D6F9898C26AB6D22000BF254 /* PBXContainerItemProxy */;
		};
/* End PBXTargetDependency section */

/* Begin XCBuildConfiguration section */
		D6F9899226AB6D22000BF254 /* Debug */ = {
			isa = XCBuildConfiguration;
			buildSettings = {
				ALWAYS_SEARCH_USER_PATHS = NO;
				CLANG_ANALYZER_NONNULL = YES;
				CLANG_ANALYZER_NUMBER_OBJECT_CONVERSION = YES_AGGRESSIVE;
				CLANG_CXX_LANGUAGE_STANDARD = "gnu++14";
				CLANG_CXX_LIBRARY = "libc++";
				CLANG_ENABLE_MODULES = YES;
				CLANG_ENABLE_OBJC_ARC = YES;
				CLANG_ENABLE_OBJC_WEAK = YES;
				CLANG_WARN_BLOCK_CAPTURE_AUTORELEASING = YES;
				CLANG_WARN_BOOL_CONVERSION = YES;
				CLANG_WARN_COMMA = YES;
				CLANG_WARN_CONSTANT_CONVERSION = YES;
				CLANG_WARN_DEPRECATED_OBJC_IMPLEMENTATIONS = YES;
				CLANG_WARN_DIRECT_OBJC_ISA_USAGE = YES_ERROR;
				CLANG_WARN_DOCUMENTATION_COMMENTS = YES;
				CLANG_WARN_EMPTY_BODY = YES;
				CLANG_WARN_ENUM_CONVERSION = YES;
				CLANG_WARN_INFINITE_RECURSION = YES;
				CLANG_WARN_INT_CONVERSION = YES;
				CLANG_WARN_NON_LITERAL_NULL_CONVERSION = YES;
				CLANG_WARN_OBJC_IMPLICIT_RETAIN_SELF = YES;
				CLANG_WARN_OBJC_LITERAL_CONVERSION = YES;
				CLANG_WARN_OBJC_ROOT_CLASS = YES_ERROR;
				CLANG_WARN_QUOTED_INCLUDE_IN_FRAMEWORK_HEADER = YES;
				CLANG_WARN_RANGE_LOOP_ANALYSIS = YES;
				CLANG_WARN_STRICT_PROTOTYPES = YES;
				CLANG_WARN_SUSPICIOUS_MOVE = YES;
				CLANG_WARN_UNGUARDED_AVAILABILITY = YES_AGGRESSIVE;
				CLANG_WARN_UNREACHABLE_CODE = YES;
				CLANG_WARN__DUPLICATE_METHOD_MATCH = YES;
				COPY_PHASE_STRIP = NO;
				DEBUG_INFORMATION_FORMAT = dwarf;
				ENABLE_STRICT_OBJC_MSGSEND = YES;
				ENABLE_TESTABILITY = YES;
				GCC_C_LANGUAGE_STANDARD = gnu11;
				GCC_DYNAMIC_NO_PIC = NO;
				GCC_NO_COMMON_BLOCKS = YES;
				GCC_OPTIMIZATION_LEVEL = 0;
				GCC_PREPROCESSOR_DEFINITIONS = (
					"DEBUG=1",
					"$(inherited)",
				);
				GCC_WARN_64_TO_32_BIT_CONVERSION = YES;
				GCC_WARN_ABOUT_RETURN_TYPE = YES_ERROR;
				GCC_WARN_UNDECLARED_SELECTOR = YES;
				GCC_WARN_UNINITIALIZED_AUTOS = YES_AGGRESSIVE;
				GCC_WARN_UNUSED_FUNCTION = YES;
				GCC_WARN_UNUSED_VARIABLE = YES;
				IPHONEOS_DEPLOYMENT_TARGET = 14.4;
				MTL_ENABLE_DEBUG_INFO = INCLUDE_SOURCE;
				MTL_FAST_MATH = YES;
				ONLY_ACTIVE_ARCH = YES;
				SDKROOT = iphoneos;
				SWIFT_ACTIVE_COMPILATION_CONDITIONS = DEBUG;
				SWIFT_OPTIMIZATION_LEVEL = "-Onone";
			};
			name = Debug;
		};
		D6F9899326AB6D22000BF254 /* Release */ = {
			isa = XCBuildConfiguration;
			buildSettings = {
				ALWAYS_SEARCH_USER_PATHS = NO;
				CLANG_ANALYZER_NONNULL = YES;
				CLANG_ANALYZER_NUMBER_OBJECT_CONVERSION = YES_AGGRESSIVE;
				CLANG_CXX_LANGUAGE_STANDARD = "gnu++14";
				CLANG_CXX_LIBRARY = "libc++";
				CLANG_ENABLE_MODULES = YES;
				CLANG_ENABLE_OBJC_ARC = YES;
				CLANG_ENABLE_OBJC_WEAK = YES;
				CLANG_WARN_BLOCK_CAPTURE_AUTORELEASING = YES;
				CLANG_WARN_BOOL_CONVERSION = YES;
				CLANG_WARN_COMMA = YES;
				CLANG_WARN_CONSTANT_CONVERSION = YES;
				CLANG_WARN_DEPRECATED_OBJC_IMPLEMENTATIONS = YES;
				CLANG_WARN_DIRECT_OBJC_ISA_USAGE = YES_ERROR;
				CLANG_WARN_DOCUMENTATION_COMMENTS = YES;
				CLANG_WARN_EMPTY_BODY = YES;
				CLANG_WARN_ENUM_CONVERSION = YES;
				CLANG_WARN_INFINITE_RECURSION = YES;
				CLANG_WARN_INT_CONVERSION = YES;
				CLANG_WARN_NON_LITERAL_NULL_CONVERSION = YES;
				CLANG_WARN_OBJC_IMPLICIT_RETAIN_SELF = YES;
				CLANG_WARN_OBJC_LITERAL_CONVERSION = YES;
				CLANG_WARN_OBJC_ROOT_CLASS = YES_ERROR;
				CLANG_WARN_QUOTED_INCLUDE_IN_FRAMEWORK_HEADER = YES;
				CLANG_WARN_RANGE_LOOP_ANALYSIS = YES;
				CLANG_WARN_STRICT_PROTOTYPES = YES;
				CLANG_WARN_SUSPICIOUS_MOVE = YES;
				CLANG_WARN_UNGUARDED_AVAILABILITY = YES_AGGRESSIVE;
				CLANG_WARN_UNREACHABLE_CODE = YES;
				CLANG_WARN__DUPLICATE_METHOD_MATCH = YES;
				COPY_PHASE_STRIP = NO;
				DEBUG_INFORMATION_FORMAT = "dwarf-with-dsym";
				ENABLE_NS_ASSERTIONS = NO;
				ENABLE_STRICT_OBJC_MSGSEND = YES;
				GCC_C_LANGUAGE_STANDARD = gnu11;
				GCC_NO_COMMON_BLOCKS = YES;
				GCC_WARN_64_TO_32_BIT_CONVERSION = YES;
				GCC_WARN_ABOUT_RETURN_TYPE = YES_ERROR;
				GCC_WARN_UNDECLARED_SELECTOR = YES;
				GCC_WARN_UNINITIALIZED_AUTOS = YES_AGGRESSIVE;
				GCC_WARN_UNUSED_FUNCTION = YES;
				GCC_WARN_UNUSED_VARIABLE = YES;
				IPHONEOS_DEPLOYMENT_TARGET = 14.4;
				MTL_ENABLE_DEBUG_INFO = NO;
				MTL_FAST_MATH = YES;
				SDKROOT = iphoneos;
				SWIFT_COMPILATION_MODE = wholemodule;
				SWIFT_OPTIMIZATION_LEVEL = "-O";
				VALIDATE_PRODUCT = YES;
			};
			name = Release;
		};
		D6F9899526AB6D22000BF254 /* Debug */ = {
			isa = XCBuildConfiguration;
			buildSettings = {
				ASSETCATALOG_COMPILER_APPICON_NAME = AppIcon;
				ASSETCATALOG_COMPILER_GLOBAL_ACCENT_COLOR_NAME = AccentColor;
				CODE_SIGN_STYLE = Automatic;
				DEVELOPMENT_ASSET_PATHS = "\"IPFinder/Preview Content\"";
				DEVELOPMENT_TEAM = K6LJCT8RAA;
				ENABLE_PREVIEWS = YES;
				INFOPLIST_FILE = IPFinder/Info.plist;
				IPHONEOS_DEPLOYMENT_TARGET = 14.0;
				LD_RUNPATH_SEARCH_PATHS = (
					"$(inherited)",
					"@executable_path/Frameworks",
				);
				PRODUCT_BUNDLE_IDENTIFIER = com.IPFinder;
				PRODUCT_NAME = "$(TARGET_NAME)";
				SWIFT_VERSION = 5.0;
				TARGETED_DEVICE_FAMILY = "1,2";
			};
			name = Debug;
		};
		D6F9899626AB6D22000BF254 /* Release */ = {
			isa = XCBuildConfiguration;
			buildSettings = {
				ASSETCATALOG_COMPILER_APPICON_NAME = AppIcon;
				ASSETCATALOG_COMPILER_GLOBAL_ACCENT_COLOR_NAME = AccentColor;
				CODE_SIGN_STYLE = Automatic;
				DEVELOPMENT_ASSET_PATHS = "\"IPFinder/Preview Content\"";
				DEVELOPMENT_TEAM = K6LJCT8RAA;
				ENABLE_PREVIEWS = YES;
				INFOPLIST_FILE = IPFinder/Info.plist;
				IPHONEOS_DEPLOYMENT_TARGET = 14.0;
				LD_RUNPATH_SEARCH_PATHS = (
					"$(inherited)",
					"@executable_path/Frameworks",
				);
				PRODUCT_BUNDLE_IDENTIFIER = com.IPFinder;
				PRODUCT_NAME = "$(TARGET_NAME)";
				SWIFT_VERSION = 5.0;
				TARGETED_DEVICE_FAMILY = "1,2";
			};
			name = Release;
		};
		D6F9899826AB6D22000BF254 /* Debug */ = {
			isa = XCBuildConfiguration;
			buildSettings = {
				ALWAYS_EMBED_SWIFT_STANDARD_LIBRARIES = YES;
				BUNDLE_LOADER = "$(TEST_HOST)";
				CODE_SIGN_STYLE = Automatic;
				DEVELOPMENT_TEAM = K6LJCT8RAA;
				INFOPLIST_FILE = IPFinderTests/Info.plist;
				IPHONEOS_DEPLOYMENT_TARGET = 14.0;
				LD_RUNPATH_SEARCH_PATHS = (
					"$(inherited)",
					"@executable_path/Frameworks",
					"@loader_path/Frameworks",
				);
				PRODUCT_BUNDLE_IDENTIFIER = com.IPFinderTests;
				PRODUCT_NAME = "$(TARGET_NAME)";
				SWIFT_VERSION = 5.0;
				TARGETED_DEVICE_FAMILY = "1,2";
				TEST_HOST = "$(BUILT_PRODUCTS_DIR)/IPFinder.app/IPFinder";
			};
			name = Debug;
		};
		D6F9899926AB6D22000BF254 /* Release */ = {
			isa = XCBuildConfiguration;
			buildSettings = {
				ALWAYS_EMBED_SWIFT_STANDARD_LIBRARIES = YES;
				BUNDLE_LOADER = "$(TEST_HOST)";
				CODE_SIGN_STYLE = Automatic;
				DEVELOPMENT_TEAM = K6LJCT8RAA;
				INFOPLIST_FILE = IPFinderTests/Info.plist;
				IPHONEOS_DEPLOYMENT_TARGET = 14.0;
				LD_RUNPATH_SEARCH_PATHS = (
					"$(inherited)",
					"@executable_path/Frameworks",
					"@loader_path/Frameworks",
				);
				PRODUCT_BUNDLE_IDENTIFIER = com.IPFinderTests;
				PRODUCT_NAME = "$(TARGET_NAME)";
				SWIFT_VERSION = 5.0;
				TARGETED_DEVICE_FAMILY = "1,2";
				TEST_HOST = "$(BUILT_PRODUCTS_DIR)/IPFinder.app/IPFinder";
			};
			name = Release;
		};
		D6F9899B26AB6D22000BF254 /* Debug */ = {
			isa = XCBuildConfiguration;
			buildSettings = {
				ALWAYS_EMBED_SWIFT_STANDARD_LIBRARIES = YES;
				CODE_SIGN_STYLE = Automatic;
				DEVELOPMENT_TEAM = K6LJCT8RAA;
				INFOPLIST_FILE = IPFinderUITests/Info.plist;
				LD_RUNPATH_SEARCH_PATHS = (
					"$(inherited)",
					"@executable_path/Frameworks",
					"@loader_path/Frameworks",
				);
				PRODUCT_BUNDLE_IDENTIFIER = com.IPFinderUITests;
				PRODUCT_NAME = "$(TARGET_NAME)";
				SWIFT_VERSION = 5.0;
				TARGETED_DEVICE_FAMILY = "1,2";
				TEST_TARGET_NAME = IPFinder;
			};
			name = Debug;
		};
		D6F9899C26AB6D22000BF254 /* Release */ = {
			isa = XCBuildConfiguration;
			buildSettings = {
				ALWAYS_EMBED_SWIFT_STANDARD_LIBRARIES = YES;
				CODE_SIGN_STYLE = Automatic;
				DEVELOPMENT_TEAM = K6LJCT8RAA;
				INFOPLIST_FILE = IPFinderUITests/Info.plist;
				LD_RUNPATH_SEARCH_PATHS = (
					"$(inherited)",
					"@executable_path/Frameworks",
					"@loader_path/Frameworks",
				);
				PRODUCT_BUNDLE_IDENTIFIER = com.IPFinderUITests;
				PRODUCT_NAME = "$(TARGET_NAME)";
				SWIFT_VERSION = 5.0;
				TARGETED_DEVICE_FAMILY = "1,2";
				TEST_TARGET_NAME = IPFinder;
			};
			name = Release;
		};
/* End XCBuildConfiguration section */

/* Begin XCConfigurationList section */
		D6F9896A26AB6D21000BF254 /* Build configuration list for PBXProject "IPFinder" */ = {
			isa = XCConfigurationList;
			buildConfigurations = (
				D6F9899226AB6D22000BF254 /* Debug */,
				D6F9899326AB6D22000BF254 /* Release */,
			);
			defaultConfigurationIsVisible = 0;
			defaultConfigurationName = Release;
		};
		D6F9899426AB6D22000BF254 /* Build configuration list for PBXNativeTarget "IPFinder" */ = {
			isa = XCConfigurationList;
			buildConfigurations = (
				D6F9899526AB6D22000BF254 /* Debug */,
				D6F9899626AB6D22000BF254 /* Release */,
			);
			defaultConfigurationIsVisible = 0;
			defaultConfigurationName = Release;
		};
		D6F9899726AB6D22000BF254 /* Build configuration list for PBXNativeTarget "IPFinderTests" */ = {
			isa = XCConfigurationList;
			buildConfigurations = (
				D6F9899826AB6D22000BF254 /* Debug */,
				D6F9899926AB6D22000BF254 /* Release */,
			);
			defaultConfigurationIsVisible = 0;
			defaultConfigurationName = Release;
		};
		D6F9899A26AB6D22000BF254 /* Build configuration list for PBXNativeTarget "IPFinderUITests" */ = {
			isa = XCConfigurationList;
			buildConfigurations = (
				D6F9899B26AB6D22000BF254 /* Debug */,
				D6F9899C26AB6D22000BF254 /* Release */,
			);
			defaultConfigurationIsVisible = 0;
			defaultConfigurationName = Release;
		};
/* End XCConfigurationList section */

/* Begin XCRemoteSwiftPackageReference section */
		D6F989A026AB6E39000BF254 /* XCRemoteSwiftPackageReference "Alamofire" */ = {
			isa = XCRemoteSwiftPackageReference;
			repositoryURL = "https://github.com/Alamofire/Alamofire.git";
			requirement = {
				kind = upToNextMajorVersion;
				minimumVersion = 5.4.3;
			};
		};
		D6F989A626AB6E5F000BF254 /* XCRemoteSwiftPackageReference "SwiftyJSON" */ = {
			isa = XCRemoteSwiftPackageReference;
			repositoryURL = "https://github.com/SwiftyJSON/SwiftyJSON";
			requirement = {
				kind = upToNextMajorVersion;
				minimumVersion = 5.0.1;
			};
		};
/* End XCRemoteSwiftPackageReference section */

/* Begin XCSwiftPackageProductDependency section */
		D6F989A126AB6E39000BF254 /* Alamofire */ = {
			isa = XCSwiftPackageProductDependency;
			package = D6F989A026AB6E39000BF254 /* XCRemoteSwiftPackageReference "Alamofire" */;
			productName = Alamofire;
		};
		D6F989A726AB6E5F000BF254 /* SwiftyJSON */ = {
			isa = XCSwiftPackageProductDependency;
			package = D6F989A626AB6E5F000BF254 /* XCRemoteSwiftPackageReference "SwiftyJSON" */;
			productName = SwiftyJSON;
		};
/* End XCSwiftPackageProductDependency section */
	};
	rootObject = D6F9896726AB6D21000BF254 /* Project object */;
}
